
Microsoft Visual Studio Solution File, Format Version 12.00
# Visual Studio Version 16
VisualStudioVersion = 16.0.31702.278
MinimumVisualStudioVersion = 10.0.40219.1
Project("{FAE04EC0-301F-11D3-BF4B-00C04F79EFBC}") = "PersonaCrudMvc", "PersonaCrudMvc\PersonaCrudMvc.csproj", "{DDACA3F2-20FF-4A52-BE57-511128F51589}"
EndProject
Global
	GlobalSection(SolutionConfigurationPlatforms) = preSolution
		Debug|Any CPU = Debug|Any CPU
		Release|Any CPU = Release|Any CPU
	EndGlobalSection
	GlobalSection(ProjectConfigurationPlatforms) = postSolution
		{DDACA3F2-20FF-4A52-BE57-511128F51589}.Debug|Any CPU.ActiveCfg = Debug|Any CPU
		{DDACA3F2-20FF-4A52-BE57-511128F51589}.Debug|Any CPU.Build.0 = Debug|Any CPU
		{DDACA3F2-20FF-4A52-BE57-511128F51589}.Release|Any CPU.ActiveCfg = Release|Any CPU
		{DDACA3F2-20FF-4A52-BE57-511128F51589}.Release|Any CPU.Build.0 = Release|Any CPU
	EndGlobalSection
	GlobalSection(SolutionProperties) = preSolution
		HideSolutionNode = FALSE
	EndGlobalSection
	GlobalSection(ExtensibilityGlobals) = postSolution
		SolutionGuid = {539DBE77-1A46-45F6-8D23-F44B27751FD7}
	EndGlobalSection
EndGlobal
