
Microsoft Visual Studio Solution File, Format Version 12.00
# Visual Studio Version 16
VisualStudioVersion = 16.0.30611.23
MinimumVisualStudioVersion = 10.0.40219.1
Project("{FAE04EC0-301F-11D3-BF4B-00C04F79EFBC}") = "encriptadorydes", "encriptadorydes\encriptadorydes.csproj", "{1F2DE55A-DD01-44DE-9E2E-87939387A424}"
EndProject
Project("{FAE04EC0-301F-11D3-BF4B-00C04F79EFBC}") = "WindowsFormsApp1", "WindowsFormsApp1\WindowsFormsApp1.csproj", "{A0845BFE-9D0F-45A8-BE77-71A90FFB74EA}"
EndProject
Global
	GlobalSection(SolutionConfigurationPlatforms) = preSolution
		Debug|Any CPU = Debug|Any CPU
		Release|Any CPU = Release|Any CPU
	EndGlobalSection
	GlobalSection(ProjectConfigurationPlatforms) = postSolution
		{1F2DE55A-DD01-44DE-9E2E-87939387A424}.Debug|Any CPU.ActiveCfg = Debug|Any CPU
		{1F2DE55A-DD01-44DE-9E2E-87939387A424}.Debug|Any CPU.Build.0 = Debug|Any CPU
		{1F2DE55A-DD01-44DE-9E2E-87939387A424}.Release|Any CPU.ActiveCfg = Release|Any CPU
		{1F2DE55A-DD01-44DE-9E2E-87939387A424}.Release|Any CPU.Build.0 = Release|Any CPU
		{A0845BFE-9D0F-45A8-BE77-71A90FFB74EA}.Debug|Any CPU.ActiveCfg = Debug|Any CPU
		{A0845BFE-9D0F-45A8-BE77-71A90FFB74EA}.Debug|Any CPU.Build.0 = Debug|Any CPU
		{A0845BFE-9D0F-45A8-BE77-71A90FFB74EA}.Release|Any CPU.ActiveCfg = Release|Any CPU
		{A0845BFE-9D0F-45A8-BE77-71A90FFB74EA}.Release|Any CPU.Build.0 = Release|Any CPU
	EndGlobalSection
	GlobalSection(SolutionProperties) = preSolution
		HideSolutionNode = FALSE
	EndGlobalSection
	GlobalSection(ExtensibilityGlobals) = postSolution
		SolutionGuid = {30105E1D-1A8D-49E6-979D-709B58008AF3}
	EndGlobalSection
EndGlobal
