
Microsoft Visual Studio Solution File, Format Version 12.00
# Visual Studio Version 16
VisualStudioVersion = 16.0.31702.278
MinimumVisualStudioVersion = 10.0.40219.1
Project("{FAE04EC0-301F-11D3-BF4B-00C04F79EFBC}") = "Webskate", "Webskate\Webskate.csproj", "{7659380C-98AF-498F-A2A9-C26F81D8FD68}"
EndProject
Global
	GlobalSection(SolutionConfigurationPlatforms) = preSolution
		Debug|Any CPU = Debug|Any CPU
		Release|Any CPU = Release|Any CPU
	EndGlobalSection
	GlobalSection(ProjectConfigurationPlatforms) = postSolution
		{7659380C-98AF-498F-A2A9-C26F81D8FD68}.Debug|Any CPU.ActiveCfg = Debug|Any CPU
		{7659380C-98AF-498F-A2A9-C26F81D8FD68}.Debug|Any CPU.Build.0 = Debug|Any CPU
		{7659380C-98AF-498F-A2A9-C26F81D8FD68}.Release|Any CPU.ActiveCfg = Release|Any CPU
		{7659380C-98AF-498F-A2A9-C26F81D8FD68}.Release|Any CPU.Build.0 = Release|Any CPU
	EndGlobalSection
	GlobalSection(SolutionProperties) = preSolution
		HideSolutionNode = FALSE
	EndGlobalSection
	GlobalSection(ExtensibilityGlobals) = postSolution
		SolutionGuid = {94AE6758-86EA-4648-ABCB-813E40FADD22}
	EndGlobalSection
EndGlobal
