
Microsoft Visual Studio Solution File, Format Version 12.00
# Visual Studio Version 16
VisualStudioVersion = 16.0.30611.23
MinimumVisualStudioVersion = 10.0.40219.1
Project("{FAE04EC0-301F-11D3-BF4B-00C04F79EFBC}") = "pruebaencriclass", "pruebaencriclass\pruebaencriclass.csproj", "{1B2C4681-C105-46EA-918F-E609073AD56F}"
EndProject
Project("{FAE04EC0-301F-11D3-BF4B-00C04F79EFBC}") = "Formprueba", "Formprueba\Formprueba.csproj", "{D5073C78-EE8D-46DA-853A-2876455B9711}"
EndProject
Global
	GlobalSection(SolutionConfigurationPlatforms) = preSolution
		Debug|Any CPU = Debug|Any CPU
		Release|Any CPU = Release|Any CPU
	EndGlobalSection
	GlobalSection(ProjectConfigurationPlatforms) = postSolution
		{1B2C4681-C105-46EA-918F-E609073AD56F}.Debug|Any CPU.ActiveCfg = Debug|Any CPU
		{1B2C4681-C105-46EA-918F-E609073AD56F}.Debug|Any CPU.Build.0 = Debug|Any CPU
		{1B2C4681-C105-46EA-918F-E609073AD56F}.Release|Any CPU.ActiveCfg = Release|Any CPU
		{1B2C4681-C105-46EA-918F-E609073AD56F}.Release|Any CPU.Build.0 = Release|Any CPU
		{D5073C78-EE8D-46DA-853A-2876455B9711}.Debug|Any CPU.ActiveCfg = Debug|Any CPU
		{D5073C78-EE8D-46DA-853A-2876455B9711}.Debug|Any CPU.Build.0 = Debug|Any CPU
		{D5073C78-EE8D-46DA-853A-2876455B9711}.Release|Any CPU.ActiveCfg = Release|Any CPU
		{D5073C78-EE8D-46DA-853A-2876455B9711}.Release|Any CPU.Build.0 = Release|Any CPU
	EndGlobalSection
	GlobalSection(SolutionProperties) = preSolution
		HideSolutionNode = FALSE
	EndGlobalSection
	GlobalSection(ExtensibilityGlobals) = postSolution
		SolutionGuid = {8A07DDE2-1D42-48B4-A0DD-25DF64DF82EE}
	EndGlobalSection
EndGlobal
